
Microsoft Visual Studio Solution File, Format Version 12.00
# Visual Studio Version 17
VisualStudioVersion = 17.7.34031.279
MinimumVisualStudioVersion = 10.0.40219.1
Project("{FAE04EC0-301F-11D3-BF4B-00C04F79EFBC}") = "PokerDice.API", "PokerDice.API\PokerDice.API.csproj", "{58B30545-1D42-4169-B730-674AC66F1CA3}"
EndProject
Project("{E53339B2-1760-4266-BCC7-CA923CBCF16C}") = "docker-compose", "docker-compose.dcproj", "{DAE97AA2-217A-437F-B705-06E4DFAC47E2}"
EndProject
Global
	GlobalSection(SolutionConfigurationPlatforms) = preSolution
		Debug|Any CPU = Debug|Any CPU
		Release|Any CPU = Release|Any CPU
	EndGlobalSection
	GlobalSection(ProjectConfigurationPlatforms) = postSolution
		{58B30545-1D42-4169-B730-674AC66F1CA3}.Debug|Any CPU.ActiveCfg = Debug|Any CPU
		{58B30545-1D42-4169-B730-674AC66F1CA3}.Debug|Any CPU.Build.0 = Debug|Any CPU
		{58B30545-1D42-4169-B730-674AC66F1CA3}.Release|Any CPU.ActiveCfg = Release|Any CPU
		{58B30545-1D42-4169-B730-674AC66F1CA3}.Release|Any CPU.Build.0 = Release|Any CPU
		{DAE97AA2-217A-437F-B705-06E4DFAC47E2}.Debug|Any CPU.ActiveCfg = Debug|Any CPU
		{DAE97AA2-217A-437F-B705-06E4DFAC47E2}.Debug|Any CPU.Build.0 = Debug|Any CPU
		{DAE97AA2-217A-437F-B705-06E4DFAC47E2}.Release|Any CPU.ActiveCfg = Release|Any CPU
		{DAE97AA2-217A-437F-B705-06E4DFAC47E2}.Release|Any CPU.Build.0 = Release|Any CPU
	EndGlobalSection
	GlobalSection(SolutionProperties) = preSolution
		HideSolutionNode = FALSE
	EndGlobalSection
	GlobalSection(ExtensibilityGlobals) = postSolution
		SolutionGuid = {5200AFF4-82CF-45B2-93D7-DB262731B82D}
	EndGlobalSection
EndGlobal
